
Microsoft Visual Studio Solution File, Format Version 12.00
# Visual Studio 15
VisualStudioVersion = 15.0.26730.12
MinimumVisualStudioVersion = 10.0.40219.1
Project("{9A19103F-16F7-4668-BE54-9A1E7A4F7556}") = "oo-intro-1", "oo-intro-1\oo-intro-1.csproj", "{6F32F071-30C1-4077-B0A2-DA4F3B3A651A}"
EndProject
Global
	GlobalSection(SolutionConfigurationPlatforms) = preSolution
		Debug|Any CPU = Debug|Any CPU
		Release|Any CPU = Release|Any CPU
	EndGlobalSection
	GlobalSection(ProjectConfigurationPlatforms) = postSolution
		{6F32F071-30C1-4077-B0A2-DA4F3B3A651A}.Debug|Any CPU.ActiveCfg = Debug|Any CPU
		{6F32F071-30C1-4077-B0A2-DA4F3B3A651A}.Debug|Any CPU.Build.0 = Debug|Any CPU
		{6F32F071-30C1-4077-B0A2-DA4F3B3A651A}.Release|Any CPU.ActiveCfg = Release|Any CPU
		{6F32F071-30C1-4077-B0A2-DA4F3B3A651A}.Release|Any CPU.Build.0 = Release|Any CPU
	EndGlobalSection
	GlobalSection(SolutionProperties) = preSolution
		HideSolutionNode = FALSE
	EndGlobalSection
	GlobalSection(ExtensibilityGlobals) = postSolution
		SolutionGuid = {B7C0A82C-A7A5-4D9A-BA99-18CD26D13227}
	EndGlobalSection
EndGlobal
